
Microsoft Visual Studio Solution File, Format Version 12.00
# Visual Studio Version 16
VisualStudioVersion = 16.0.32228.343
MinimumVisualStudioVersion = 10.0.40219.1
Project("{FAE04EC0-301F-11D3-BF4B-00C04F79EFBC}") = "Line comaprison", "Line comaprison\Line comaprison.csproj", "{717E8A0C-586E-418C-BC08-E79F1843A4B6}"
EndProject
Global
	GlobalSection(SolutionConfigurationPlatforms) = preSolution
		Debug|Any CPU = Debug|Any CPU
		Release|Any CPU = Release|Any CPU
	EndGlobalSection
	GlobalSection(ProjectConfigurationPlatforms) = postSolution
		{717E8A0C-586E-418C-BC08-E79F1843A4B6}.Debug|Any CPU.ActiveCfg = Debug|Any CPU
		{717E8A0C-586E-418C-BC08-E79F1843A4B6}.Debug|Any CPU.Build.0 = Debug|Any CPU
		{717E8A0C-586E-418C-BC08-E79F1843A4B6}.Release|Any CPU.ActiveCfg = Release|Any CPU
		{717E8A0C-586E-418C-BC08-E79F1843A4B6}.Release|Any CPU.Build.0 = Release|Any CPU
	EndGlobalSection
	GlobalSection(SolutionProperties) = preSolution
		HideSolutionNode = FALSE
	EndGlobalSection
	GlobalSection(ExtensibilityGlobals) = postSolution
		SolutionGuid = {0951C57B-5582-475E-B85B-19EA18FC0283}
	EndGlobalSection
EndGlobal
